
Microsoft Visual Studio Solution File, Format Version 12.00
# Visual Studio Version 16
VisualStudioVersion = 16.0.31624.102
MinimumVisualStudioVersion = 10.0.40219.1
Project("{9A19103F-16F7-4668-BE54-9A1E7A4F7556}") = "Peer4", "Peer4\Peer4.csproj", "{4F128A39-666A-4457-9152-E81486D3B53E}"
EndProject
Project("{FAE04EC0-301F-11D3-BF4B-00C04F79EFBC}") = "WinFormsApp1", "..\WinFormsApp1\WinFormsApp1\WinFormsApp1.csproj", "{F960958F-FB73-4433-89D6-0D3D955BE72D}"
EndProject
Global
	GlobalSection(SolutionConfigurationPlatforms) = preSolution
		Debug|Any CPU = Debug|Any CPU
		Release|Any CPU = Release|Any CPU
	EndGlobalSection
	GlobalSection(ProjectConfigurationPlatforms) = postSolution
		{4F128A39-666A-4457-9152-E81486D3B53E}.Debug|Any CPU.ActiveCfg = Debug|Any CPU
		{4F128A39-666A-4457-9152-E81486D3B53E}.Debug|Any CPU.Build.0 = Debug|Any CPU
		{4F128A39-666A-4457-9152-E81486D3B53E}.Release|Any CPU.ActiveCfg = Release|Any CPU
		{4F128A39-666A-4457-9152-E81486D3B53E}.Release|Any CPU.Build.0 = Release|Any CPU
		{F960958F-FB73-4433-89D6-0D3D955BE72D}.Debug|Any CPU.ActiveCfg = Debug|Any CPU
		{F960958F-FB73-4433-89D6-0D3D955BE72D}.Debug|Any CPU.Build.0 = Debug|Any CPU
		{F960958F-FB73-4433-89D6-0D3D955BE72D}.Release|Any CPU.ActiveCfg = Release|Any CPU
		{F960958F-FB73-4433-89D6-0D3D955BE72D}.Release|Any CPU.Build.0 = Release|Any CPU
	EndGlobalSection
	GlobalSection(SolutionProperties) = preSolution
		HideSolutionNode = FALSE
	EndGlobalSection
	GlobalSection(ExtensibilityGlobals) = postSolution
		SolutionGuid = {BDD4D38A-6FEA-4163-BA49-F6430D9A5E7C}
	EndGlobalSection
EndGlobal
